
Microsoft Visual Studio Solution File, Format Version 12.00
# Visual Studio 2013
VisualStudioVersion = 12.0.30312.1
MinimumVisualStudioVersion = 10.0.40219.1
Project("{FAE04EC0-301F-11D3-BF4B-00C04F79EFBC}") = "Scenario01", "Scenario01\Scenario01.csproj", "{8835DEE8-9871-4B2E-84BE-AAC1671E1A93}"
EndProject
Project("{FAE04EC0-301F-11D3-BF4B-00C04F79EFBC}") = "Scenario02", "Scenario02\Scenario02.csproj", "{61928B93-D266-4CF0-B334-C9F228FD79ED}"
EndProject
Project("{FAE04EC0-301F-11D3-BF4B-00C04F79EFBC}") = "Scenario03", "Scenario03\Scenario03.csproj", "{EDBC4757-993B-450E-AF78-8D1EDA0A8DB4}"
EndProject
Project("{FAE04EC0-301F-11D3-BF4B-00C04F79EFBC}") = "Scenario04", "Scenario04\Scenario04.csproj", "{AC11DCDF-3C27-4469-87F6-D71E3369183E}"
EndProject
Project("{FAE04EC0-301F-11D3-BF4B-00C04F79EFBC}") = "Scenario05", "Scenario05\Scenario05.csproj", "{04877645-3463-462C-B956-5AACB14D948B}"
EndProject
Global
	GlobalSection(SolutionConfigurationPlatforms) = preSolution
		Debug|Any CPU = Debug|Any CPU
		Release|Any CPU = Release|Any CPU
	EndGlobalSection
	GlobalSection(ProjectConfigurationPlatforms) = postSolution
		{8835DEE8-9871-4B2E-84BE-AAC1671E1A93}.Debug|Any CPU.ActiveCfg = Debug|Any CPU
		{8835DEE8-9871-4B2E-84BE-AAC1671E1A93}.Debug|Any CPU.Build.0 = Debug|Any CPU
		{8835DEE8-9871-4B2E-84BE-AAC1671E1A93}.Release|Any CPU.ActiveCfg = Release|Any CPU
		{8835DEE8-9871-4B2E-84BE-AAC1671E1A93}.Release|Any CPU.Build.0 = Release|Any CPU
		{61928B93-D266-4CF0-B334-C9F228FD79ED}.Debug|Any CPU.ActiveCfg = Debug|Any CPU
		{61928B93-D266-4CF0-B334-C9F228FD79ED}.Debug|Any CPU.Build.0 = Debug|Any CPU
		{61928B93-D266-4CF0-B334-C9F228FD79ED}.Release|Any CPU.ActiveCfg = Release|Any CPU
		{61928B93-D266-4CF0-B334-C9F228FD79ED}.Release|Any CPU.Build.0 = Release|Any CPU
		{EDBC4757-993B-450E-AF78-8D1EDA0A8DB4}.Debug|Any CPU.ActiveCfg = Debug|Any CPU
		{EDBC4757-993B-450E-AF78-8D1EDA0A8DB4}.Debug|Any CPU.Build.0 = Debug|Any CPU
		{EDBC4757-993B-450E-AF78-8D1EDA0A8DB4}.Release|Any CPU.ActiveCfg = Release|Any CPU
		{EDBC4757-993B-450E-AF78-8D1EDA0A8DB4}.Release|Any CPU.Build.0 = Release|Any CPU
		{AC11DCDF-3C27-4469-87F6-D71E3369183E}.Debug|Any CPU.ActiveCfg = Debug|Any CPU
		{AC11DCDF-3C27-4469-87F6-D71E3369183E}.Debug|Any CPU.Build.0 = Debug|Any CPU
		{AC11DCDF-3C27-4469-87F6-D71E3369183E}.Release|Any CPU.ActiveCfg = Release|Any CPU
		{AC11DCDF-3C27-4469-87F6-D71E3369183E}.Release|Any CPU.Build.0 = Release|Any CPU
		{04877645-3463-462C-B956-5AACB14D948B}.Debug|Any CPU.ActiveCfg = Debug|Any CPU
		{04877645-3463-462C-B956-5AACB14D948B}.Debug|Any CPU.Build.0 = Debug|Any CPU
		{04877645-3463-462C-B956-5AACB14D948B}.Release|Any CPU.ActiveCfg = Release|Any CPU
		{04877645-3463-462C-B956-5AACB14D948B}.Release|Any CPU.Build.0 = Release|Any CPU
	EndGlobalSection
	GlobalSection(SolutionProperties) = preSolution
		HideSolutionNode = FALSE
	EndGlobalSection
EndGlobal
